
Microsoft Visual Studio Solution File, Format Version 12.00
# Visual Studio Version 17
VisualStudioVersion = 17.10.35027.167
MinimumVisualStudioVersion = 10.0.40219.1
Project("{FAE04EC0-301F-11D3-BF4B-00C04F79EFBC}") = "BitBasket.API", "BitBasket.API\BitBasket.API.csproj", "{AC1BC462-0C85-4AEB-A5DE-D110EA724814}"
EndProject
Project("{FAE04EC0-301F-11D3-BF4B-00C04F79EFBC}") = "BitBasket.Infrastructure", "BitBasket.Infrastructure\BitBasket.Infrastructure.csproj", "{16CD686C-DA39-4F85-853E-8F2A573C4968}"
EndProject
Project("{FAE04EC0-301F-11D3-BF4B-00C04F79EFBC}") = "BitBasket.Core", "BitBasket.Core\BitBasket.Core.csproj", "{B4B855AD-4D4F-4ACD-9BB2-26DC3B5CA236}"
EndProject
Global
	GlobalSection(SolutionConfigurationPlatforms) = preSolution
		Debug|Any CPU = Debug|Any CPU
		Release|Any CPU = Release|Any CPU
	EndGlobalSection
	GlobalSection(ProjectConfigurationPlatforms) = postSolution
		{AC1BC462-0C85-4AEB-A5DE-D110EA724814}.Debug|Any CPU.ActiveCfg = Debug|Any CPU
		{AC1BC462-0C85-4AEB-A5DE-D110EA724814}.Debug|Any CPU.Build.0 = Debug|Any CPU
		{AC1BC462-0C85-4AEB-A5DE-D110EA724814}.Release|Any CPU.ActiveCfg = Release|Any CPU
		{AC1BC462-0C85-4AEB-A5DE-D110EA724814}.Release|Any CPU.Build.0 = Release|Any CPU
		{16CD686C-DA39-4F85-853E-8F2A573C4968}.Debug|Any CPU.ActiveCfg = Debug|Any CPU
		{16CD686C-DA39-4F85-853E-8F2A573C4968}.Debug|Any CPU.Build.0 = Debug|Any CPU
		{16CD686C-DA39-4F85-853E-8F2A573C4968}.Release|Any CPU.ActiveCfg = Release|Any CPU
		{16CD686C-DA39-4F85-853E-8F2A573C4968}.Release|Any CPU.Build.0 = Release|Any CPU
		{B4B855AD-4D4F-4ACD-9BB2-26DC3B5CA236}.Debug|Any CPU.ActiveCfg = Debug|Any CPU
		{B4B855AD-4D4F-4ACD-9BB2-26DC3B5CA236}.Debug|Any CPU.Build.0 = Debug|Any CPU
		{B4B855AD-4D4F-4ACD-9BB2-26DC3B5CA236}.Release|Any CPU.ActiveCfg = Release|Any CPU
		{B4B855AD-4D4F-4ACD-9BB2-26DC3B5CA236}.Release|Any CPU.Build.0 = Release|Any CPU
	EndGlobalSection
	GlobalSection(SolutionProperties) = preSolution
		HideSolutionNode = FALSE
	EndGlobalSection
	GlobalSection(ExtensibilityGlobals) = postSolution
		SolutionGuid = {7A97374D-38A2-4F24-8230-E56E832C7A81}
	EndGlobalSection
EndGlobal
